// !$*UTF8*$!
{
	archiveVersion = 1;
	classes = {
	};
	objectVersion = 55;
	objects = {

/* Begin PBXBuildFile section */
		166182DBD272CF3CD03D2257 /* Pods_Final_Project.framework in Frameworks */ = {isa = PBXBuildFile; fileRef = ECE994CF7254D5DB92F5E13F /* Pods_Final_Project.framework */; };
		A591C96427BA5818005ADA89 /* WeatherAPI.swift in Sources */ = {isa = PBXBuildFile; fileRef = A591C96327BA5818005ADA89 /* WeatherAPI.swift */; };
		A591C96627BA60BE005ADA89 /* LocationManager.swift in Sources */ = {isa = PBXBuildFile; fileRef = A591C96527BA60BE005ADA89 /* LocationManager.swift */; };
		A5D0E9B927BD05B6007F1417 /* RefreshableViewController.swift in Sources */ = {isa = PBXBuildFile; fileRef = A5D0E9B827BD05B6007F1417 /* RefreshableViewController.swift */; };
		A5D0E9BC27BD7C72007F1417 /* ErrorScreenView.swift in Sources */ = {isa = PBXBuildFile; fileRef = A5D0E9BB27BD7C72007F1417 /* ErrorScreenView.swift */; };
		A5D0E9BF27BD7D60007F1417 /* ColorfulLineView.swift in Sources */ = {isa = PBXBuildFile; fileRef = A5D0E9BE27BD7D60007F1417 /* ColorfulLineView.swift */; };
		A5D0E9C127BD7DA3007F1417 /* ErrorScreenView.xib in Resources */ = {isa = PBXBuildFile; fileRef = A5D0E9C027BD7DA3007F1417 /* ErrorScreenView.xib */; };
		A5FDBA2C27B93F0B00D491BB /* AppDelegate.swift in Sources */ = {isa = PBXBuildFile; fileRef = A5FDBA2B27B93F0B00D491BB /* AppDelegate.swift */; };
		A5FDBA2E27B93F0B00D491BB /* SceneDelegate.swift in Sources */ = {isa = PBXBuildFile; fileRef = A5FDBA2D27B93F0B00D491BB /* SceneDelegate.swift */; };
		A5FDBA3027B93F0B00D491BB /* TodayViewController.swift in Sources */ = {isa = PBXBuildFile; fileRef = A5FDBA2F27B93F0B00D491BB /* TodayViewController.swift */; };
		A5FDBA3327B93F0B00D491BB /* Main.storyboard in Resources */ = {isa = PBXBuildFile; fileRef = A5FDBA3127B93F0B00D491BB /* Main.storyboard */; };
		A5FDBA3627B93F0B00D491BB /* Final_Project.xcdatamodeld in Sources */ = {isa = PBXBuildFile; fileRef = A5FDBA3427B93F0B00D491BB /* Final_Project.xcdatamodeld */; };
		A5FDBA3B27B93F0D00D491BB /* LaunchScreen.storyboard in Resources */ = {isa = PBXBuildFile; fileRef = A5FDBA3927B93F0D00D491BB /* LaunchScreen.storyboard */; };
		A5FDBA4627B95FCB00D491BB /* ForecastViewController.swift in Sources */ = {isa = PBXBuildFile; fileRef = A5FDBA4527B95FCB00D491BB /* ForecastViewController.swift */; };
		A5FDBA4927B96B4800D491BB /* BaseReusableView.swift in Sources */ = {isa = PBXBuildFile; fileRef = A5FDBA4827B96B4800D491BB /* BaseReusableView.swift */; };
		A5FDBA4C27B9722C00D491BB /* Assets.xcassets in Resources */ = {isa = PBXBuildFile; fileRef = A5FDBA4B27B9722C00D491BB /* Assets.xcassets */; };
		A5FDBA4E27B973D800D491BB /* ColorfulLineView.xib in Resources */ = {isa = PBXBuildFile; fileRef = A5FDBA4D27B973D800D491BB /* ColorfulLineView.xib */; };
		A5FDBA5427B97AE300D491BB /* ForecastCell.swift in Sources */ = {isa = PBXBuildFile; fileRef = A5FDBA5227B97AE300D491BB /* ForecastCell.swift */; };
		A5FDBA5727B9873C00D491BB /* ForecastCell.xib in Resources */ = {isa = PBXBuildFile; fileRef = A5FDBA5627B9873C00D491BB /* ForecastCell.xib */; };
/* End PBXBuildFile section */

/* Begin PBXFileReference section */
		31A616D797C6DD508AB3CC9A /* Pods-Final Project.debug.xcconfig */ = {isa = PBXFileReference; includeInIndex = 1; lastKnownFileType = text.xcconfig; name = "Pods-Final Project.debug.xcconfig"; path = "Target Support Files/Pods-Final Project/Pods-Final Project.debug.xcconfig"; sourceTree = "<group>"; };
		A591C96327BA5818005ADA89 /* WeatherAPI.swift */ = {isa = PBXFileReference; lastKnownFileType = sourcecode.swift; path = WeatherAPI.swift; sourceTree = "<group>"; };
		A591C96527BA60BE005ADA89 /* LocationManager.swift */ = {isa = PBXFileReference; lastKnownFileType = sourcecode.swift; path = LocationManager.swift; sourceTree = "<group>"; };
		A5D0E9B827BD05B6007F1417 /* RefreshableViewController.swift */ = {isa = PBXFileReference; lastKnownFileType = sourcecode.swift; path = RefreshableViewController.swift; sourceTree = "<group>"; };
		A5D0E9BB27BD7C72007F1417 /* ErrorScreenView.swift */ = {isa = PBXFileReference; lastKnownFileType = sourcecode.swift; path = ErrorScreenView.swift; sourceTree = "<group>"; };
		A5D0E9BE27BD7D60007F1417 /* ColorfulLineView.swift */ = {isa = PBXFileReference; lastKnownFileType = sourcecode.swift; path = ColorfulLineView.swift; sourceTree = "<group>"; };
		A5D0E9C027BD7DA3007F1417 /* ErrorScreenView.xib */ = {isa = PBXFileReference; lastKnownFileType = file.xib; path = ErrorScreenView.xib; sourceTree = "<group>"; };
		A5FDBA2827B93F0B00D491BB /* Final Project.app */ = {isa = PBXFileReference; explicitFileType = wrapper.application; includeInIndex = 0; path = "Final Project.app"; sourceTree = BUILT_PRODUCTS_DIR; };
		A5FDBA2B27B93F0B00D491BB /* AppDelegate.swift */ = {isa = PBXFileReference; lastKnownFileType = sourcecode.swift; path = AppDelegate.swift; sourceTree = "<group>"; };
		A5FDBA2D27B93F0B00D491BB /* SceneDelegate.swift */ = {isa = PBXFileReference; lastKnownFileType = sourcecode.swift; path = SceneDelegate.swift; sourceTree = "<group>"; };
		A5FDBA2F27B93F0B00D491BB /* TodayViewController.swift */ = {isa = PBXFileReference; lastKnownFileType = sourcecode.swift; path = TodayViewController.swift; sourceTree = "<group>"; };
		A5FDBA3227B93F0B00D491BB /* Base */ = {isa = PBXFileReference; lastKnownFileType = file.storyboard; name = Base; path = Base.lproj/Main.storyboard; sourceTree = "<group>"; };
		A5FDBA3527B93F0B00D491BB /* Final_Project.xcdatamodel */ = {isa = PBXFileReference; lastKnownFileType = wrapper.xcdatamodel; path = Final_Project.xcdatamodel; sourceTree = "<group>"; };
		A5FDBA3A27B93F0D00D491BB /* Base */ = {isa = PBXFileReference; lastKnownFileType = file.storyboard; name = Base; path = Base.lproj/LaunchScreen.storyboard; sourceTree = "<group>"; };
		A5FDBA3C27B93F0D00D491BB /* Info.plist */ = {isa = PBXFileReference; lastKnownFileType = text.plist.xml; path = Info.plist; sourceTree = "<group>"; };
		A5FDBA4527B95FCB00D491BB /* ForecastViewController.swift */ = {isa = PBXFileReference; lastKnownFileType = sourcecode.swift; path = ForecastViewController.swift; sourceTree = "<group>"; };
		A5FDBA4827B96B4800D491BB /* BaseReusableView.swift */ = {isa = PBXFileReference; lastKnownFileType = sourcecode.swift; path = BaseReusableView.swift; sourceTree = "<group>"; };
		A5FDBA4B27B9722C00D491BB /* Assets.xcassets */ = {isa = PBXFileReference; lastKnownFileType = folder.assetcatalog; path = Assets.xcassets; sourceTree = "<group>"; };
		A5FDBA4D27B973D800D491BB /* ColorfulLineView.xib */ = {isa = PBXFileReference; lastKnownFileType = file.xib; path = ColorfulLineView.xib; sourceTree = "<group>"; };
		A5FDBA5227B97AE300D491BB /* ForecastCell.swift */ = {isa = PBXFileReference; lastKnownFileType = sourcecode.swift; path = ForecastCell.swift; sourceTree = "<group>"; };
		A5FDBA5627B9873C00D491BB /* ForecastCell.xib */ = {isa = PBXFileReference; fileEncoding = 4; lastKnownFileType = file.xib; path = ForecastCell.xib; sourceTree = "<group>"; };
		AF57F6A4B8B18EB45ACDA0A5 /* Pods-Final Project.release.xcconfig */ = {isa = PBXFileReference; includeInIndex = 1; lastKnownFileType = text.xcconfig; name = "Pods-Final Project.release.xcconfig"; path = "Target Support Files/Pods-Final Project/Pods-Final Project.release.xcconfig"; sourceTree = "<group>"; };
		ECE994CF7254D5DB92F5E13F /* Pods_Final_Project.framework */ = {isa = PBXFileReference; explicitFileType = wrapper.framework; includeInIndex = 0; path = Pods_Final_Project.framework; sourceTree = BUILT_PRODUCTS_DIR; };
/* End PBXFileReference section */

/* Begin PBXFrameworksBuildPhase section */
		A5FDBA2527B93F0B00D491BB /* Frameworks */ = {
			isa = PBXFrameworksBuildPhase;
			buildActionMask = 2147483647;
			files = (
				166182DBD272CF3CD03D2257 /* Pods_Final_Project.framework in Frameworks */,
			);
			runOnlyForDeploymentPostprocessing = 0;
		};
/* End PBXFrameworksBuildPhase section */

/* Begin PBXGroup section */
		8E626829748F2C9BED0B9C93 /* Pods */ = {
			isa = PBXGroup;
			children = (
				31A616D797C6DD508AB3CC9A /* Pods-Final Project.debug.xcconfig */,
				AF57F6A4B8B18EB45ACDA0A5 /* Pods-Final Project.release.xcconfig */,
			);
			path = Pods;
			sourceTree = "<group>";
		};
		A5D0E9BA27BD7A8B007F1417 /* ErrorScreen */ = {
			isa = PBXGroup;
			children = (
				A5D0E9BB27BD7C72007F1417 /* ErrorScreenView.swift */,
				A5D0E9C027BD7DA3007F1417 /* ErrorScreenView.xib */,
			);
			path = ErrorScreen;
			sourceTree = "<group>";
		};
		A5D0E9BD27BD7D4F007F1417 /* ColorfulLine */ = {
			isa = PBXGroup;
			children = (
				A5FDBA4D27B973D800D491BB /* ColorfulLineView.xib */,
				A5D0E9BE27BD7D60007F1417 /* ColorfulLineView.swift */,
			);
			path = ColorfulLine;
			sourceTree = "<group>";
		};
		A5FDBA1F27B93F0B00D491BB = {
			isa = PBXGroup;
			children = (
				A5FDBA2A27B93F0B00D491BB /* Final Project */,
				A5FDBA2927B93F0B00D491BB /* Products */,
				8E626829748F2C9BED0B9C93 /* Pods */,
				DC170B8926FFABAC9CFD2B74 /* Frameworks */,
			);
			sourceTree = "<group>";
		};
		A5FDBA2927B93F0B00D491BB /* Products */ = {
			isa = PBXGroup;
			children = (
				A5FDBA2827B93F0B00D491BB /* Final Project.app */,
			);
			name = Products;
			sourceTree = "<group>";
		};
		A5FDBA2A27B93F0B00D491BB /* Final Project */ = {
			isa = PBXGroup;
			children = (
				A5FDBA4727B96B2F00D491BB /* ReusableViews */,
				A5FDBA5127B97A6300D491BB /* Cell */,
				A5FDBA4427B95F8F00D491BB /* ViewControllers */,
				A591C96327BA5818005ADA89 /* WeatherAPI.swift */,
				A591C96527BA60BE005ADA89 /* LocationManager.swift */,
				A5FDBA2B27B93F0B00D491BB /* AppDelegate.swift */,
				A5FDBA2D27B93F0B00D491BB /* SceneDelegate.swift */,
				A5FDBA3127B93F0B00D491BB /* Main.storyboard */,
				A5FDBA3927B93F0D00D491BB /* LaunchScreen.storyboard */,
				A5FDBA3C27B93F0D00D491BB /* Info.plist */,
				A5FDBA3427B93F0B00D491BB /* Final_Project.xcdatamodeld */,
				A5FDBA4B27B9722C00D491BB /* Assets.xcassets */,
			);
			path = "Final Project";
			sourceTree = "<group>";
		};
		A5FDBA4427B95F8F00D491BB /* ViewControllers */ = {
			isa = PBXGroup;
			children = (
				A5D0E9B827BD05B6007F1417 /* RefreshableViewController.swift */,
				A5FDBA2F27B93F0B00D491BB /* TodayViewController.swift */,
				A5FDBA4527B95FCB00D491BB /* ForecastViewController.swift */,
			);
			path = ViewControllers;
			sourceTree = "<group>";
		};
		A5FDBA4727B96B2F00D491BB /* ReusableViews */ = {
			isa = PBXGroup;
			children = (
				A5D0E9BD27BD7D4F007F1417 /* ColorfulLine */,
				A5D0E9BA27BD7A8B007F1417 /* ErrorScreen */,
				A5FDBA4827B96B4800D491BB /* BaseReusableView.swift */,
			);
			path = ReusableViews;
			sourceTree = "<group>";
		};
		A5FDBA5127B97A6300D491BB /* Cell */ = {
			isa = PBXGroup;
			children = (
				A5FDBA5627B9873C00D491BB /* ForecastCell.xib */,
				A5FDBA5227B97AE300D491BB /* ForecastCell.swift */,
			);
			path = Cell;
			sourceTree = "<group>";
		};
		DC170B8926FFABAC9CFD2B74 /* Frameworks */ = {
			isa = PBXGroup;
			children = (
				ECE994CF7254D5DB92F5E13F /* Pods_Final_Project.framework */,
			);
			name = Frameworks;
			sourceTree = "<group>";
		};
/* End PBXGroup section */

/* Begin PBXNativeTarget section */
		A5FDBA2727B93F0B00D491BB /* Final Project */ = {
			isa = PBXNativeTarget;
			buildConfigurationList = A5FDBA3F27B93F0D00D491BB /* Build configuration list for PBXNativeTarget "Final Project" */;
			buildPhases = (
				556B0151CB6CFECCFEA9B69D /* [CP] Check Pods Manifest.lock */,
				A5FDBA2427B93F0B00D491BB /* Sources */,
				A5FDBA2527B93F0B00D491BB /* Frameworks */,
				A5FDBA2627B93F0B00D491BB /* Resources */,
				5448E8A3AE9F4830B5A91451 /* [CP] Embed Pods Frameworks */,
			);
			buildRules = (
			);
			dependencies = (
			);
			name = "Final Project";
			productName = "Final Project";
			productReference = A5FDBA2827B93F0B00D491BB /* Final Project.app */;
			productType = "com.apple.product-type.application";
		};
/* End PBXNativeTarget section */

/* Begin PBXProject section */
		A5FDBA2027B93F0B00D491BB /* Project object */ = {
			isa = PBXProject;
			attributes = {
				BuildIndependentTargetsInParallel = 1;
				LastSwiftUpdateCheck = 1320;
				LastUpgradeCheck = 1320;
				TargetAttributes = {
					A5FDBA2727B93F0B00D491BB = {
						CreatedOnToolsVersion = 13.2.1;
					};
				};
			};
			buildConfigurationList = A5FDBA2327B93F0B00D491BB /* Build configuration list for PBXProject "Final Project" */;
			compatibilityVersion = "Xcode 13.0";
			developmentRegion = en;
			hasScannedForEncodings = 0;
			knownRegions = (
				en,
				Base,
			);
			mainGroup = A5FDBA1F27B93F0B00D491BB;
			productRefGroup = A5FDBA2927B93F0B00D491BB /* Products */;
			projectDirPath = "";
			projectRoot = "";
			targets = (
				A5FDBA2727B93F0B00D491BB /* Final Project */,
			);
		};
/* End PBXProject section */

/* Begin PBXResourcesBuildPhase section */
		A5FDBA2627B93F0B00D491BB /* Resources */ = {
			isa = PBXResourcesBuildPhase;
			buildActionMask = 2147483647;
			files = (
				A5FDBA3B27B93F0D00D491BB /* LaunchScreen.storyboard in Resources */,
				A5FDBA4C27B9722C00D491BB /* Assets.xcassets in Resources */,
				A5FDBA5727B9873C00D491BB /* ForecastCell.xib in Resources */,
				A5D0E9C127BD7DA3007F1417 /* ErrorScreenView.xib in Resources */,
				A5FDBA4E27B973D800D491BB /* ColorfulLineView.xib in Resources */,
				A5FDBA3327B93F0B00D491BB /* Main.storyboard in Resources */,
			);
			runOnlyForDeploymentPostprocessing = 0;
		};
/* End PBXResourcesBuildPhase section */

/* Begin PBXShellScriptBuildPhase section */
		5448E8A3AE9F4830B5A91451 /* [CP] Embed Pods Frameworks */ = {
			isa = PBXShellScriptBuildPhase;
			buildActionMask = 2147483647;
			files = (
			);
			inputFileListPaths = (
				"${PODS_ROOT}/Target Support Files/Pods-Final Project/Pods-Final Project-frameworks-${CONFIGURATION}-input-files.xcfilelist",
			);
			name = "[CP] Embed Pods Frameworks";
			outputFileListPaths = (
				"${PODS_ROOT}/Target Support Files/Pods-Final Project/Pods-Final Project-frameworks-${CONFIGURATION}-output-files.xcfilelist",
			);
			runOnlyForDeploymentPostprocessing = 0;
			shellPath = /bin/sh;
			shellScript = "\"${PODS_ROOT}/Target Support Files/Pods-Final Project/Pods-Final Project-frameworks.sh\"\n";
			showEnvVarsInLog = 0;
		};
		556B0151CB6CFECCFEA9B69D /* [CP] Check Pods Manifest.lock */ = {
			isa = PBXShellScriptBuildPhase;
			buildActionMask = 2147483647;
			files = (
			);
			inputFileListPaths = (
			);
			inputPaths = (
				"${PODS_PODFILE_DIR_PATH}/Podfile.lock",
				"${PODS_ROOT}/Manifest.lock",
			);
			name = "[CP] Check Pods Manifest.lock";
			outputFileListPaths = (
			);
			outputPaths = (
				"$(DERIVED_FILE_DIR)/Pods-Final Project-checkManifestLockResult.txt",
			);
			runOnlyForDeploymentPostprocessing = 0;
			shellPath = /bin/sh;
			shellScript = "diff \"${PODS_PODFILE_DIR_PATH}/Podfile.lock\" \"${PODS_ROOT}/Manifest.lock\" > /dev/null\nif [ $? != 0 ] ; then\n    # print error to STDERR\n    echo \"error: The sandbox is not in sync with the Podfile.lock. Run 'pod install' or update your CocoaPods installation.\" >&2\n    exit 1\nfi\n# This output is used by Xcode 'outputs' to avoid re-running this script phase.\necho \"SUCCESS\" > \"${SCRIPT_OUTPUT_FILE_0}\"\n";
			showEnvVarsInLog = 0;
		};
/* End PBXShellScriptBuildPhase section */

/* Begin PBXSourcesBuildPhase section */
		A5FDBA2427B93F0B00D491BB /* Sources */ = {
			isa = PBXSourcesBuildPhase;
			buildActionMask = 2147483647;
			files = (
				A591C96427BA5818005ADA89 /* WeatherAPI.swift in Sources */,
				A5D0E9B927BD05B6007F1417 /* RefreshableViewController.swift in Sources */,
				A5D0E9BF27BD7D60007F1417 /* ColorfulLineView.swift in Sources */,
				A591C96627BA60BE005ADA89 /* LocationManager.swift in Sources */,
				A5FDBA4927B96B4800D491BB /* BaseReusableView.swift in Sources */,
				A5D0E9BC27BD7C72007F1417 /* ErrorScreenView.swift in Sources */,
				A5FDBA3027B93F0B00D491BB /* TodayViewController.swift in Sources */,
				A5FDBA2C27B93F0B00D491BB /* AppDelegate.swift in Sources */,
				A5FDBA5427B97AE300D491BB /* ForecastCell.swift in Sources */,
				A5FDBA4627B95FCB00D491BB /* ForecastViewController.swift in Sources */,
				A5FDBA3627B93F0B00D491BB /* Final_Project.xcdatamodeld in Sources */,
				A5FDBA2E27B93F0B00D491BB /* SceneDelegate.swift in Sources */,
			);
			runOnlyForDeploymentPostprocessing = 0;
		};
/* End PBXSourcesBuildPhase section */

/* Begin PBXVariantGroup section */
		A5FDBA3127B93F0B00D491BB /* Main.storyboard */ = {
			isa = PBXVariantGroup;
			children = (
				A5FDBA3227B93F0B00D491BB /* Base */,
			);
			name = Main.storyboard;
			sourceTree = "<group>";
		};
		A5FDBA3927B93F0D00D491BB /* LaunchScreen.storyboard */ = {
			isa = PBXVariantGroup;
			children = (
				A5FDBA3A27B93F0D00D491BB /* Base */,
			);
			name = LaunchScreen.storyboard;
			sourceTree = "<group>";
		};
/* End PBXVariantGroup section */

/* Begin XCBuildConfiguration section */
		A5FDBA3D27B93F0D00D491BB /* Debug */ = {
			isa = XCBuildConfiguration;
			buildSettings = {
				ALWAYS_SEARCH_USER_PATHS = NO;
				CLANG_ANALYZER_NONNULL = YES;
				CLANG_ANALYZER_NUMBER_OBJECT_CONVERSION = YES_AGGRESSIVE;
				CLANG_CXX_LANGUAGE_STANDARD = "gnu++17";
				CLANG_CXX_LIBRARY = "libc++";
				CLANG_ENABLE_MODULES = YES;
				CLANG_ENABLE_OBJC_ARC = YES;
				CLANG_ENABLE_OBJC_WEAK = YES;
				CLANG_WARN_BLOCK_CAPTURE_AUTORELEASING = YES;
				CLANG_WARN_BOOL_CONVERSION = YES;
				CLANG_WARN_COMMA = YES;
				CLANG_WARN_CONSTANT_CONVERSION = YES;
				CLANG_WARN_DEPRECATED_OBJC_IMPLEMENTATIONS = YES;
				CLANG_WARN_DIRECT_OBJC_ISA_USAGE = YES_ERROR;
				CLANG_WARN_DOCUMENTATION_COMMENTS = YES;
				CLANG_WARN_EMPTY_BODY = YES;
				CLANG_WARN_ENUM_CONVERSION = YES;
				CLANG_WARN_INFINITE_RECURSION = YES;
				CLANG_WARN_INT_CONVERSION = YES;
				CLANG_WARN_NON_LITERAL_NULL_CONVERSION = YES;
				CLANG_WARN_OBJC_IMPLICIT_RETAIN_SELF = YES;
				CLANG_WARN_OBJC_LITERAL_CONVERSION = YES;
				CLANG_WARN_OBJC_ROOT_CLASS = YES_ERROR;
				CLANG_WARN_QUOTED_INCLUDE_IN_FRAMEWORK_HEADER = YES;
				CLANG_WARN_RANGE_LOOP_ANALYSIS = YES;
				CLANG_WARN_STRICT_PROTOTYPES = YES;
				CLANG_WARN_SUSPICIOUS_MOVE = YES;
				CLANG_WARN_UNGUARDED_AVAILABILITY = YES_AGGRESSIVE;
				CLANG_WARN_UNREACHABLE_CODE = YES;
				CLANG_WARN__DUPLICATE_METHOD_MATCH = YES;
				COPY_PHASE_STRIP = NO;
				DEBUG_INFORMATION_FORMAT = dwarf;
				ENABLE_STRICT_OBJC_MSGSEND = YES;
				ENABLE_TESTABILITY = YES;
				GCC_C_LANGUAGE_STANDARD = gnu11;
				GCC_DYNAMIC_NO_PIC = NO;
				GCC_NO_COMMON_BLOCKS = YES;
				GCC_OPTIMIZATION_LEVEL = 0;
				GCC_PREPROCESSOR_DEFINITIONS = (
					"DEBUG=1",
					"$(inherited)",
				);
				GCC_WARN_64_TO_32_BIT_CONVERSION = YES;
				GCC_WARN_ABOUT_RETURN_TYPE = YES_ERROR;
				GCC_WARN_UNDECLARED_SELECTOR = YES;
				GCC_WARN_UNINITIALIZED_AUTOS = YES_AGGRESSIVE;
				GCC_WARN_UNUSED_FUNCTION = YES;
				GCC_WARN_UNUSED_VARIABLE = YES;
				IPHONEOS_DEPLOYMENT_TARGET = 15.2;
				MTL_ENABLE_DEBUG_INFO = INCLUDE_SOURCE;
				MTL_FAST_MATH = YES;
				ONLY_ACTIVE_ARCH = YES;
				SDKROOT = iphoneos;
				SWIFT_ACTIVE_COMPILATION_CONDITIONS = DEBUG;
				SWIFT_OPTIMIZATION_LEVEL = "-Onone";
			};
			name = Debug;
		};
		A5FDBA3E27B93F0D00D491BB /* Release */ = {
			isa = XCBuildConfiguration;
			buildSettings = {
				ALWAYS_SEARCH_USER_PATHS = NO;
				CLANG_ANALYZER_NONNULL = YES;
				CLANG_ANALYZER_NUMBER_OBJECT_CONVERSION = YES_AGGRESSIVE;
				CLANG_CXX_LANGUAGE_STANDARD = "gnu++17";
				CLANG_CXX_LIBRARY = "libc++";
				CLANG_ENABLE_MODULES = YES;
				CLANG_ENABLE_OBJC_ARC = YES;
				CLANG_ENABLE_OBJC_WEAK = YES;
				CLANG_WARN_BLOCK_CAPTURE_AUTORELEASING = YES;
				CLANG_WARN_BOOL_CONVERSION = YES;
				CLANG_WARN_COMMA = YES;
				CLANG_WARN_CONSTANT_CONVERSION = YES;
				CLANG_WARN_DEPRECATED_OBJC_IMPLEMENTATIONS = YES;
				CLANG_WARN_DIRECT_OBJC_ISA_USAGE = YES_ERROR;
				CLANG_WARN_DOCUMENTATION_COMMENTS = YES;
				CLANG_WARN_EMPTY_BODY = YES;
				CLANG_WARN_ENUM_CONVERSION = YES;
				CLANG_WARN_INFINITE_RECURSION = YES;
				CLANG_WARN_INT_CONVERSION = YES;
				CLANG_WARN_NON_LITERAL_NULL_CONVERSION = YES;
				CLANG_WARN_OBJC_IMPLICIT_RETAIN_SELF = YES;
				CLANG_WARN_OBJC_LITERAL_CONVERSION = YES;
				CLANG_WARN_OBJC_ROOT_CLASS = YES_ERROR;
				CLANG_WARN_QUOTED_INCLUDE_IN_FRAMEWORK_HEADER = YES;
				CLANG_WARN_RANGE_LOOP_ANALYSIS = YES;
				CLANG_WARN_STRICT_PROTOTYPES = YES;
				CLANG_WARN_SUSPICIOUS_MOVE = YES;
				CLANG_WARN_UNGUARDED_AVAILABILITY = YES_AGGRESSIVE;
				CLANG_WARN_UNREACHABLE_CODE = YES;
				CLANG_WARN__DUPLICATE_METHOD_MATCH = YES;
				COPY_PHASE_STRIP = NO;
				DEBUG_INFORMATION_FORMAT = "dwarf-with-dsym";
				ENABLE_NS_ASSERTIONS = NO;
				ENABLE_STRICT_OBJC_MSGSEND = YES;
				GCC_C_LANGUAGE_STANDARD = gnu11;
				GCC_NO_COMMON_BLOCKS = YES;
				GCC_WARN_64_TO_32_BIT_CONVERSION = YES;
				GCC_WARN_ABOUT_RETURN_TYPE = YES_ERROR;
				GCC_WARN_UNDECLARED_SELECTOR = YES;
				GCC_WARN_UNINITIALIZED_AUTOS = YES_AGGRESSIVE;
				GCC_WARN_UNUSED_FUNCTION = YES;
				GCC_WARN_UNUSED_VARIABLE = YES;
				IPHONEOS_DEPLOYMENT_TARGET = 15.2;
				MTL_ENABLE_DEBUG_INFO = NO;
				MTL_FAST_MATH = YES;
				SDKROOT = iphoneos;
				SWIFT_COMPILATION_MODE = wholemodule;
				SWIFT_OPTIMIZATION_LEVEL = "-O";
				VALIDATE_PRODUCT = YES;
			};
			name = Release;
		};
		A5FDBA4027B93F0D00D491BB /* Debug */ = {
			isa = XCBuildConfiguration;
			baseConfigurationReference = 31A616D797C6DD508AB3CC9A /* Pods-Final Project.debug.xcconfig */;
			buildSettings = {
				ASSETCATALOG_COMPILER_APPICON_NAME = AppIcon;
				ASSETCATALOG_COMPILER_GLOBAL_ACCENT_COLOR_NAME = AccentColor;
				CODE_SIGN_STYLE = Automatic;
				CURRENT_PROJECT_VERSION = 1;
				DEVELOPMENT_TEAM = 56Y8C28RB4;
				GENERATE_INFOPLIST_FILE = YES;
				INFOPLIST_FILE = "Final Project/Info.plist";
				INFOPLIST_KEY_UIApplicationSupportsIndirectInputEvents = YES;
				INFOPLIST_KEY_UILaunchStoryboardName = LaunchScreen;
				INFOPLIST_KEY_UIMainStoryboardFile = Main;
				INFOPLIST_KEY_UISupportedInterfaceOrientations_iPad = "UIInterfaceOrientationPortrait UIInterfaceOrientationPortraitUpsideDown UIInterfaceOrientationLandscapeLeft UIInterfaceOrientationLandscapeRight";
				INFOPLIST_KEY_UISupportedInterfaceOrientations_iPhone = "UIInterfaceOrientationPortrait UIInterfaceOrientationLandscapeLeft UIInterfaceOrientationLandscapeRight";
				LD_RUNPATH_SEARCH_PATHS = (
					"$(inherited)",
					"@executable_path/Frameworks",
				);
				MARKETING_VERSION = 1.0;
				PRODUCT_BUNDLE_IDENTIFIER = "Freeuni.Final-Project";
				PRODUCT_NAME = "$(TARGET_NAME)";
				SWIFT_EMIT_LOC_STRINGS = YES;
				SWIFT_VERSION = 5.0;
				TARGETED_DEVICE_FAMILY = "1,2";
			};
			name = Debug;
		};
		A5FDBA4127B93F0D00D491BB /* Release */ = {
			isa = XCBuildConfiguration;
			baseConfigurationReference = AF57F6A4B8B18EB45ACDA0A5 /* Pods-Final Project.release.xcconfig */;
			buildSettings = {
				ASSETCATALOG_COMPILER_APPICON_NAME = AppIcon;
				ASSETCATALOG_COMPILER_GLOBAL_ACCENT_COLOR_NAME = AccentColor;
				CODE_SIGN_STYLE = Automatic;
				CURRENT_PROJECT_VERSION = 1;
				DEVELOPMENT_TEAM = 56Y8C28RB4;
				GENERATE_INFOPLIST_FILE = YES;
				INFOPLIST_FILE = "Final Project/Info.plist";
				INFOPLIST_KEY_UIApplicationSupportsIndirectInputEvents = YES;
				INFOPLIST_KEY_UILaunchStoryboardName = LaunchScreen;
				INFOPLIST_KEY_UIMainStoryboardFile = Main;
				INFOPLIST_KEY_UISupportedInterfaceOrientations_iPad = "UIInterfaceOrientationPortrait UIInterfaceOrientationPortraitUpsideDown UIInterfaceOrientationLandscapeLeft UIInterfaceOrientationLandscapeRight";
				INFOPLIST_KEY_UISupportedInterfaceOrientations_iPhone = "UIInterfaceOrientationPortrait UIInterfaceOrientationLandscapeLeft UIInterfaceOrientationLandscapeRight";
				LD_RUNPATH_SEARCH_PATHS = (
					"$(inherited)",
					"@executable_path/Frameworks",
				);
				MARKETING_VERSION = 1.0;
				PRODUCT_BUNDLE_IDENTIFIER = "Freeuni.Final-Project";
				PRODUCT_NAME = "$(TARGET_NAME)";
				SWIFT_EMIT_LOC_STRINGS = YES;
				SWIFT_VERSION = 5.0;
				TARGETED_DEVICE_FAMILY = "1,2";
			};
			name = Release;
		};
/* End XCBuildConfiguration section */

/* Begin XCConfigurationList section */
		A5FDBA2327B93F0B00D491BB /* Build configuration list for PBXProject "Final Project" */ = {
			isa = XCConfigurationList;
			buildConfigurations = (
				A5FDBA3D27B93F0D00D491BB /* Debug */,
				A5FDBA3E27B93F0D00D491BB /* Release */,
			);
			defaultConfigurationIsVisible = 0;
			defaultConfigurationName = Release;
		};
		A5FDBA3F27B93F0D00D491BB /* Build configuration list for PBXNativeTarget "Final Project" */ = {
			isa = XCConfigurationList;
			buildConfigurations = (
				A5FDBA4027B93F0D00D491BB /* Debug */,
				A5FDBA4127B93F0D00D491BB /* Release */,
			);
			defaultConfigurationIsVisible = 0;
			defaultConfigurationName = Release;
		};
/* End XCConfigurationList section */

/* Begin XCVersionGroup section */
		A5FDBA3427B93F0B00D491BB /* Final_Project.xcdatamodeld */ = {
			isa = XCVersionGroup;
			children = (
				A5FDBA3527B93F0B00D491BB /* Final_Project.xcdatamodel */,
			);
			currentVersion = A5FDBA3527B93F0B00D491BB /* Final_Project.xcdatamodel */;
			path = Final_Project.xcdatamodeld;
			sourceTree = "<group>";
			versionGroupType = wrapper.xcdatamodel;
		};
/* End XCVersionGroup section */
	};
	rootObject = A5FDBA2027B93F0B00D491BB /* Project object */;
}
